<?xml version="1.0" encoding="utf-8"?>
<Project ToolsVersion="4.0" xmlns="http://schemas.microsoft.com/developer/msbuild/2003">
  <ItemGroup>
    <Filter Include="Source Files">
      <UniqueIdentifier>{4FC737F1-C7A5-4376-A066-2A32D752A2FF}</UniqueIdentifier>
      <Extensions>cpp;c;cxx;def;odl;idl;hpj;bat;asm;asmx</Extensions>
    </Filter>
    <Filter Include="Source Files\libraries">
      <UniqueIdentifier>{6a1ab218-ee64-4b41-84a3-cd6f1639b8c1}</UniqueIdentifier>
    </Filter>
  </ItemGroup>
  <ItemGroup>
    <ClCompile Include="18-endoscope.cpp">
      <Filter>Source Files</Filter>
    </ClCompile>
    <ClCompile Include="libraries\Serial.cpp">
      <Filter>Source Files\libraries</Filter>
    </ClCompile>
    <ClCompile Include="test.cpp">
      <Filter>Source Files</Filter>
    </ClCompile>
    <ClCompile Include="UsartDevice.cpp">
      <Filter>Source Files</Filter>
    </ClCompile>
  </ItemGroup>
  <ItemGroup>
    <ClInclude Include="libraries\Serial.h">
      <Filter>Source Files\libraries</Filter>
    </ClInclude>
    <ClInclude Include="UsartDevice.h">
      <Filter>Source Files</Filter>
    </ClInclude>
  </ItemGroup>
</Project>